// !$*UTF8*$!
{
	archiveVersion = 1;
	classes = {
	};
	objectVersion = 48;
	objects = {

/* Begin PBXBuildFile section */
		019341171FC40EE6002735E1 /* AppDelegate.m in Sources */ = {isa = PBXBuildFile; fileRef = 019341161FC40EE6002735E1 /* AppDelegate.m */; };
		0193411D1FC40EE6002735E1 /* Main.storyboard in Resources */ = {isa = PBXBuildFile; fileRef = 0193411B1FC40EE6002735E1 /* Main.storyboard */; };
		0193411F1FC40EE6002735E1 /* Assets.xcassets in Resources */ = {isa = PBXBuildFile; fileRef = 0193411E1FC40EE6002735E1 /* Assets.xcassets */; };
		019341221FC40EE6002735E1 /* LaunchScreen.storyboard in Resources */ = {isa = PBXBuildFile; fileRef = 019341201FC40EE6002735E1 /* LaunchScreen.storyboard */; };
		019341251FC40EE6002735E1 /* main.m in Sources */ = {isa = PBXBuildFile; fileRef = 019341241FC40EE6002735E1 /* main.m */; };
		0193413D1FC41C20002735E1 /* CSSTokenizer.m in Sources */ = {isa = PBXBuildFile; fileRef = 019341381FC41C20002735E1 /* CSSTokenizer.m */; };
		0193413E1FC41C20002735E1 /* CSSTokens.m in Sources */ = {isa = PBXBuildFile; fileRef = 0193413A1FC41C20002735E1 /* CSSTokens.m */; };
		0193413F1FC41C20002735E1 /* NICSSParser.m in Sources */ = {isa = PBXBuildFile; fileRef = 0193413C1FC41C20002735E1 /* NICSSParser.m */; };
		019341421FC41C3E002735E1 /* ThemeManager.m in Sources */ = {isa = PBXBuildFile; fileRef = 019341411FC41C3E002735E1 /* ThemeManager.m */; };
		019341461FC42142002735E1 /* UserSetting.m in Sources */ = {isa = PBXBuildFile; fileRef = 019341451FC42142002735E1 /* UserSetting.m */; };
		019341501FC426AB002735E1 /* UiUtil.mm in Sources */ = {isa = PBXBuildFile; fileRef = 0193414E1FC426AB002735E1 /* UiUtil.mm */; };
		019341591FC440D9002735E1 /* style~iphone5.css in Resources */ = {isa = PBXBuildFile; fileRef = 019341551FC440D8002735E1 /* style~iphone5.css */; };
		0193415A1FC440D9002735E1 /* style~iphoneX.css in Resources */ = {isa = PBXBuildFile; fileRef = 019341561FC440D9002735E1 /* style~iphoneX.css */; };
		0193415B1FC440D9002735E1 /* style~iphone6p.css in Resources */ = {isa = PBXBuildFile; fileRef = 019341571FC440D9002735E1 /* style~iphone6p.css */; };
		0193415C1FC440D9002735E1 /* style~nightmode.css in Resources */ = {isa = PBXBuildFile; fileRef = 019341581FC440D9002735E1 /* style~nightmode.css */; };
		0193415E1FC4411D002735E1 /* style~constants.css in Resources */ = {isa = PBXBuildFile; fileRef = 0193415D1FC4411C002735E1 /* style~constants.css */; };
		019341601FC441BD002735E1 /* style.css in Resources */ = {isa = PBXBuildFile; fileRef = 0193415F1FC441BD002735E1 /* style.css */; };
		019341631FC44699002735E1 /* ThemeUtil.m in Sources */ = {isa = PBXBuildFile; fileRef = 019341621FC44699002735E1 /* ThemeUtil.m */; };
		01A3C11C1FE25C96008F4F25 /* DeviceInfo.mm in Sources */ = {isa = PBXBuildFile; fileRef = 01A3C11B1FE25C96008F4F25 /* DeviceInfo.mm */; };
		01A3C11F1FE25E90008F4F25 /* MyNavigationController.m in Sources */ = {isa = PBXBuildFile; fileRef = 01A3C11E1FE25E90008F4F25 /* MyNavigationController.m */; };
		01A3C1221FE25ED2008F4F25 /* MyHomeViewController.m in Sources */ = {isa = PBXBuildFile; fileRef = 01A3C1211FE25ED2008F4F25 /* MyHomeViewController.m */; };
		01A3C1261FE27479008F4F25 /* MyNavigationView.m in Sources */ = {isa = PBXBuildFile; fileRef = 01A3C1251FE27479008F4F25 /* MyNavigationView.m */; };
		10BA61AA366AD34F26F7D07E /* libPods-CSSParserDemo.a in Frameworks */ = {isa = PBXBuildFile; fileRef = ECA0AC424FB5285B43FB21C7 /* libPods-CSSParserDemo.a */; };
/* End PBXBuildFile section */

/* Begin PBXFileReference section */
		019341121FC40EE6002735E1 /* CSSParserDemo.app */ = {isa = PBXFileReference; explicitFileType = wrapper.application; includeInIndex = 0; path = CSSParserDemo.app; sourceTree = BUILT_PRODUCTS_DIR; };
		019341151FC40EE6002735E1 /* AppDelegate.h */ = {isa = PBXFileReference; lastKnownFileType = sourcecode.c.h; path = AppDelegate.h; sourceTree = "<group>"; };
		019341161FC40EE6002735E1 /* AppDelegate.m */ = {isa = PBXFileReference; lastKnownFileType = sourcecode.c.objc; path = AppDelegate.m; sourceTree = "<group>"; };
		0193411C1FC40EE6002735E1 /* Base */ = {isa = PBXFileReference; lastKnownFileType = file.storyboard; name = Base; path = Base.lproj/Main.storyboard; sourceTree = "<group>"; };
		0193411E1FC40EE6002735E1 /* Assets.xcassets */ = {isa = PBXFileReference; lastKnownFileType = folder.assetcatalog; path = Assets.xcassets; sourceTree = "<group>"; };
		019341211FC40EE6002735E1 /* Base */ = {isa = PBXFileReference; lastKnownFileType = file.storyboard; name = Base; path = Base.lproj/LaunchScreen.storyboard; sourceTree = "<group>"; };
		019341231FC40EE6002735E1 /* Info.plist */ = {isa = PBXFileReference; lastKnownFileType = text.plist.xml; path = Info.plist; sourceTree = "<group>"; };
		019341241FC40EE6002735E1 /* main.m */ = {isa = PBXFileReference; lastKnownFileType = sourcecode.c.objc; path = main.m; sourceTree = "<group>"; };
		019341381FC41C20002735E1 /* CSSTokenizer.m */ = {isa = PBXFileReference; fileEncoding = 4; lastKnownFileType = sourcecode.c.objc; path = CSSTokenizer.m; sourceTree = "<group>"; };
		019341391FC41C20002735E1 /* CSSTokens.h */ = {isa = PBXFileReference; fileEncoding = 4; lastKnownFileType = sourcecode.c.h; path = CSSTokens.h; sourceTree = "<group>"; };
		0193413A1FC41C20002735E1 /* CSSTokens.m */ = {isa = PBXFileReference; fileEncoding = 4; lastKnownFileType = sourcecode.c.objc; path = CSSTokens.m; sourceTree = "<group>"; };
		0193413B1FC41C20002735E1 /* NICSSParser.h */ = {isa = PBXFileReference; fileEncoding = 4; lastKnownFileType = sourcecode.c.h; path = NICSSParser.h; sourceTree = "<group>"; };
		0193413C1FC41C20002735E1 /* NICSSParser.m */ = {isa = PBXFileReference; fileEncoding = 4; lastKnownFileType = sourcecode.c.objc; path = NICSSParser.m; sourceTree = "<group>"; };
		019341401FC41C3E002735E1 /* ThemeManager.h */ = {isa = PBXFileReference; lastKnownFileType = sourcecode.c.h; path = ThemeManager.h; sourceTree = "<group>"; };
		019341411FC41C3E002735E1 /* ThemeManager.m */ = {isa = PBXFileReference; lastKnownFileType = sourcecode.c.objc; path = ThemeManager.m; sourceTree = "<group>"; };
		019341441FC42142002735E1 /* UserSetting.h */ = {isa = PBXFileReference; lastKnownFileType = sourcecode.c.h; path = UserSetting.h; sourceTree = "<group>"; };
		019341451FC42142002735E1 /* UserSetting.m */ = {isa = PBXFileReference; lastKnownFileType = sourcecode.c.objc; path = UserSetting.m; sourceTree = "<group>"; };
		0193414E1FC426AB002735E1 /* UiUtil.mm */ = {isa = PBXFileReference; fileEncoding = 4; lastKnownFileType = sourcecode.cpp.objcpp; path = UiUtil.mm; sourceTree = "<group>"; };
		0193414F1FC426AB002735E1 /* UiUtil.h */ = {isa = PBXFileReference; fileEncoding = 4; lastKnownFileType = sourcecode.c.h; path = UiUtil.h; sourceTree = "<group>"; };
		019341551FC440D8002735E1 /* style~iphone5.css */ = {isa = PBXFileReference; fileEncoding = 4; lastKnownFileType = text.css; path = "style~iphone5.css"; sourceTree = "<group>"; };
		019341561FC440D9002735E1 /* style~iphoneX.css */ = {isa = PBXFileReference; fileEncoding = 4; lastKnownFileType = text.css; path = "style~iphoneX.css"; sourceTree = "<group>"; };
		019341571FC440D9002735E1 /* style~iphone6p.css */ = {isa = PBXFileReference; fileEncoding = 4; lastKnownFileType = text.css; path = "style~iphone6p.css"; sourceTree = "<group>"; };
		019341581FC440D9002735E1 /* style~nightmode.css */ = {isa = PBXFileReference; fileEncoding = 4; lastKnownFileType = text.css; path = "style~nightmode.css"; sourceTree = "<group>"; };
		0193415D1FC4411C002735E1 /* style~constants.css */ = {isa = PBXFileReference; fileEncoding = 4; lastKnownFileType = text.css; path = "style~constants.css"; sourceTree = "<group>"; };
		0193415F1FC441BD002735E1 /* style.css */ = {isa = PBXFileReference; fileEncoding = 4; lastKnownFileType = text.css; path = style.css; sourceTree = "<group>"; };
		019341611FC44699002735E1 /* ThemeUtil.h */ = {isa = PBXFileReference; lastKnownFileType = sourcecode.c.h; path = ThemeUtil.h; sourceTree = "<group>"; };
		019341621FC44699002735E1 /* ThemeUtil.m */ = {isa = PBXFileReference; lastKnownFileType = sourcecode.c.objc; path = ThemeUtil.m; sourceTree = "<group>"; };
		01A3C11A1FE25C96008F4F25 /* DeviceInfo.h */ = {isa = PBXFileReference; fileEncoding = 4; lastKnownFileType = sourcecode.c.h; path = DeviceInfo.h; sourceTree = "<group>"; };
		01A3C11B1FE25C96008F4F25 /* DeviceInfo.mm */ = {isa = PBXFileReference; fileEncoding = 4; lastKnownFileType = sourcecode.cpp.objcpp; path = DeviceInfo.mm; sourceTree = "<group>"; };
		01A3C11D1FE25E90008F4F25 /* MyNavigationController.h */ = {isa = PBXFileReference; lastKnownFileType = sourcecode.c.h; path = MyNavigationController.h; sourceTree = "<group>"; };
		01A3C11E1FE25E90008F4F25 /* MyNavigationController.m */ = {isa = PBXFileReference; lastKnownFileType = sourcecode.c.objc; path = MyNavigationController.m; sourceTree = "<group>"; };
		01A3C1201FE25ED2008F4F25 /* MyHomeViewController.h */ = {isa = PBXFileReference; lastKnownFileType = sourcecode.c.h; path = MyHomeViewController.h; sourceTree = "<group>"; };
		01A3C1211FE25ED2008F4F25 /* MyHomeViewController.m */ = {isa = PBXFileReference; lastKnownFileType = sourcecode.c.objc; path = MyHomeViewController.m; sourceTree = "<group>"; };
		01A3C1241FE27479008F4F25 /* MyNavigationView.h */ = {isa = PBXFileReference; lastKnownFileType = sourcecode.c.h; path = MyNavigationView.h; sourceTree = "<group>"; };
		01A3C1251FE27479008F4F25 /* MyNavigationView.m */ = {isa = PBXFileReference; lastKnownFileType = sourcecode.c.objc; path = MyNavigationView.m; sourceTree = "<group>"; };
		52A6E998AC9A1DF71AD43144 /* Pods-CSSParserDemo.debug.xcconfig */ = {isa = PBXFileReference; includeInIndex = 1; lastKnownFileType = text.xcconfig; name = "Pods-CSSParserDemo.debug.xcconfig"; path = "Pods/Target Support Files/Pods-CSSParserDemo/Pods-CSSParserDemo.debug.xcconfig"; sourceTree = "<group>"; };
		D5638967164C830A5151E437 /* Pods-CSSParserDemo.release.xcconfig */ = {isa = PBXFileReference; includeInIndex = 1; lastKnownFileType = text.xcconfig; name = "Pods-CSSParserDemo.release.xcconfig"; path = "Pods/Target Support Files/Pods-CSSParserDemo/Pods-CSSParserDemo.release.xcconfig"; sourceTree = "<group>"; };
		ECA0AC424FB5285B43FB21C7 /* libPods-CSSParserDemo.a */ = {isa = PBXFileReference; explicitFileType = archive.ar; includeInIndex = 0; path = "libPods-CSSParserDemo.a"; sourceTree = BUILT_PRODUCTS_DIR; };
/* End PBXFileReference section */

/* Begin PBXFrameworksBuildPhase section */
		0193410F1FC40EE6002735E1 /* Frameworks */ = {
			isa = PBXFrameworksBuildPhase;
			buildActionMask = 2147483647;
			files = (
				10BA61AA366AD34F26F7D07E /* libPods-CSSParserDemo.a in Frameworks */,
			);
			runOnlyForDeploymentPostprocessing = 0;
		};
/* End PBXFrameworksBuildPhase section */

/* Begin PBXGroup section */
		019341091FC40EE6002735E1 = {
			isa = PBXGroup;
			children = (
				019341141FC40EE6002735E1 /* CSSParserDemo */,
				019341131FC40EE6002735E1 /* Products */,
				DA77E0DA91BE8225668C7EE9 /* Pods */,
				6675180DBE93F41D928160CD /* Frameworks */,
			);
			sourceTree = "<group>";
		};
		019341131FC40EE6002735E1 /* Products */ = {
			isa = PBXGroup;
			children = (
				019341121FC40EE6002735E1 /* CSSParserDemo.app */,
			);
			name = Products;
			sourceTree = "<group>";
		};
		019341141FC40EE6002735E1 /* CSSParserDemo */ = {
			isa = PBXGroup;
			children = (
				019341151FC40EE6002735E1 /* AppDelegate.h */,
				019341161FC40EE6002735E1 /* AppDelegate.m */,
				01A3C11D1FE25E90008F4F25 /* MyNavigationController.h */,
				01A3C11E1FE25E90008F4F25 /* MyNavigationController.m */,
				01A3C1201FE25ED2008F4F25 /* MyHomeViewController.h */,
				01A3C1211FE25ED2008F4F25 /* MyHomeViewController.m */,
				01A3C1241FE27479008F4F25 /* MyNavigationView.h */,
				01A3C1251FE27479008F4F25 /* MyNavigationView.m */,
				019341471FC4259C002735E1 /* Tools */,
				019341431FC42134002735E1 /* UserSetting */,
				019341361FC41C20002735E1 /* Theme */,
				0193411B1FC40EE6002735E1 /* Main.storyboard */,
				0193411E1FC40EE6002735E1 /* Assets.xcassets */,
				019341201FC40EE6002735E1 /* LaunchScreen.storyboard */,
				019341231FC40EE6002735E1 /* Info.plist */,
				019341241FC40EE6002735E1 /* main.m */,
			);
			path = CSSParserDemo;
			sourceTree = "<group>";
		};
		019341361FC41C20002735E1 /* Theme */ = {
			isa = PBXGroup;
			children = (
				019341511FC44022002735E1 /* CSSSource */,
				019341371FC41C20002735E1 /* CSSParser */,
				019341401FC41C3E002735E1 /* ThemeManager.h */,
				019341411FC41C3E002735E1 /* ThemeManager.m */,
				019341611FC44699002735E1 /* ThemeUtil.h */,
				019341621FC44699002735E1 /* ThemeUtil.m */,
			);
			path = Theme;
			sourceTree = "<group>";
		};
		019341371FC41C20002735E1 /* CSSParser */ = {
			isa = PBXGroup;
			children = (
				019341381FC41C20002735E1 /* CSSTokenizer.m */,
				019341391FC41C20002735E1 /* CSSTokens.h */,
				0193413A1FC41C20002735E1 /* CSSTokens.m */,
				0193413B1FC41C20002735E1 /* NICSSParser.h */,
				0193413C1FC41C20002735E1 /* NICSSParser.m */,
			);
			path = CSSParser;
			sourceTree = "<group>";
		};
		019341431FC42134002735E1 /* UserSetting */ = {
			isa = PBXGroup;
			children = (
				019341441FC42142002735E1 /* UserSetting.h */,
				019341451FC42142002735E1 /* UserSetting.m */,
				01A3C11A1FE25C96008F4F25 /* DeviceInfo.h */,
				01A3C11B1FE25C96008F4F25 /* DeviceInfo.mm */,
			);
			path = UserSetting;
			sourceTree = "<group>";
		};
		019341471FC4259C002735E1 /* Tools */ = {
			isa = PBXGroup;
			children = (
				0193414F1FC426AB002735E1 /* UiUtil.h */,
				0193414E1FC426AB002735E1 /* UiUtil.mm */,
			);
			path = Tools;
			sourceTree = "<group>";
		};
		019341511FC44022002735E1 /* CSSSource */ = {
			isa = PBXGroup;
			children = (
				0193415F1FC441BD002735E1 /* style.css */,
				019341551FC440D8002735E1 /* style~iphone5.css */,
				019341571FC440D9002735E1 /* style~iphone6p.css */,
				019341561FC440D9002735E1 /* style~iphoneX.css */,
				019341581FC440D9002735E1 /* style~nightmode.css */,
				0193415D1FC4411C002735E1 /* style~constants.css */,
			);
			path = CSSSource;
			sourceTree = "<group>";
		};
		6675180DBE93F41D928160CD /* Frameworks */ = {
			isa = PBXGroup;
			children = (
				ECA0AC424FB5285B43FB21C7 /* libPods-CSSParserDemo.a */,
			);
			name = Frameworks;
			sourceTree = "<group>";
		};
		DA77E0DA91BE8225668C7EE9 /* Pods */ = {
			isa = PBXGroup;
			children = (
				52A6E998AC9A1DF71AD43144 /* Pods-CSSParserDemo.debug.xcconfig */,
				D5638967164C830A5151E437 /* Pods-CSSParserDemo.release.xcconfig */,
			);
			name = Pods;
			sourceTree = "<group>";
		};
/* End PBXGroup section */

/* Begin PBXNativeTarget section */
		019341111FC40EE6002735E1 /* CSSParserDemo */ = {
			isa = PBXNativeTarget;
			buildConfigurationList = 019341281FC40EE6002735E1 /* Build configuration list for PBXNativeTarget "CSSParserDemo" */;
			buildPhases = (
				5BEF097671253B8518EB098F /* [CP] Check Pods Manifest.lock */,
				0193410E1FC40EE6002735E1 /* Sources */,
				0193410F1FC40EE6002735E1 /* Frameworks */,
				019341101FC40EE6002735E1 /* Resources */,
				39F65A98198CD4A3E51DC2B7 /* [CP] Embed Pods Frameworks */,
				0F01F12E7ECC304E02E9D203 /* [CP] Copy Pods Resources */,
			);
			buildRules = (
			);
			dependencies = (
			);
			name = CSSParserDemo;
			productName = CSSParserDemo;
			productReference = 019341121FC40EE6002735E1 /* CSSParserDemo.app */;
			productType = "com.apple.product-type.application";
		};
/* End PBXNativeTarget section */

/* Begin PBXProject section */
		0193410A1FC40EE6002735E1 /* Project object */ = {
			isa = PBXProject;
			attributes = {
				LastUpgradeCheck = 0910;
				ORGANIZATIONNAME = com.Qdaily.asnail;
				TargetAttributes = {
					019341111FC40EE6002735E1 = {
						CreatedOnToolsVersion = 9.1;
						ProvisioningStyle = Automatic;
					};
				};
			};
			buildConfigurationList = 0193410D1FC40EE6002735E1 /* Build configuration list for PBXProject "CSSParserDemo" */;
			compatibilityVersion = "Xcode 8.0";
			developmentRegion = en;
			hasScannedForEncodings = 0;
			knownRegions = (
				en,
				Base,
			);
			mainGroup = 019341091FC40EE6002735E1;
			productRefGroup = 019341131FC40EE6002735E1 /* Products */;
			projectDirPath = "";
			projectRoot = "";
			targets = (
				019341111FC40EE6002735E1 /* CSSParserDemo */,
			);
		};
/* End PBXProject section */

/* Begin PBXResourcesBuildPhase section */
		019341101FC40EE6002735E1 /* Resources */ = {
			isa = PBXResourcesBuildPhase;
			buildActionMask = 2147483647;
			files = (
				019341221FC40EE6002735E1 /* LaunchScreen.storyboard in Resources */,
				019341601FC441BD002735E1 /* style.css in Resources */,
				0193411F1FC40EE6002735E1 /* Assets.xcassets in Resources */,
				0193411D1FC40EE6002735E1 /* Main.storyboard in Resources */,
				019341591FC440D9002735E1 /* style~iphone5.css in Resources */,
				0193415A1FC440D9002735E1 /* style~iphoneX.css in Resources */,
				0193415C1FC440D9002735E1 /* style~nightmode.css in Resources */,
				0193415E1FC4411D002735E1 /* style~constants.css in Resources */,
				0193415B1FC440D9002735E1 /* style~iphone6p.css in Resources */,
			);
			runOnlyForDeploymentPostprocessing = 0;
		};
/* End PBXResourcesBuildPhase section */

/* Begin PBXShellScriptBuildPhase section */
		0F01F12E7ECC304E02E9D203 /* [CP] Copy Pods Resources */ = {
			isa = PBXShellScriptBuildPhase;
			buildActionMask = 2147483647;
			files = (
			);
			inputPaths = (
			);
			name = "[CP] Copy Pods Resources";
			outputPaths = (
			);
			runOnlyForDeploymentPostprocessing = 0;
			shellPath = /bin/sh;
			shellScript = "\"${SRCROOT}/Pods/Target Support Files/Pods-CSSParserDemo/Pods-CSSParserDemo-resources.sh\"\n";
			showEnvVarsInLog = 0;
		};
		39F65A98198CD4A3E51DC2B7 /* [CP] Embed Pods Frameworks */ = {
			isa = PBXShellScriptBuildPhase;
			buildActionMask = 2147483647;
			files = (
			);
			inputPaths = (
			);
			name = "[CP] Embed Pods Frameworks";
			outputPaths = (
			);
			runOnlyForDeploymentPostprocessing = 0;
			shellPath = /bin/sh;
			shellScript = "\"${SRCROOT}/Pods/Target Support Files/Pods-CSSParserDemo/Pods-CSSParserDemo-frameworks.sh\"\n";
			showEnvVarsInLog = 0;
		};
		5BEF097671253B8518EB098F /* [CP] Check Pods Manifest.lock */ = {
			isa = PBXShellScriptBuildPhase;
			buildActionMask = 2147483647;
			files = (
			);
			inputPaths = (
				"${PODS_PODFILE_DIR_PATH}/Podfile.lock",
				"${PODS_ROOT}/Manifest.lock",
			);
			name = "[CP] Check Pods Manifest.lock";
			outputPaths = (
				"$(DERIVED_FILE_DIR)/Pods-CSSParserDemo-checkManifestLockResult.txt",
			);
			runOnlyForDeploymentPostprocessing = 0;
			shellPath = /bin/sh;
			shellScript = "diff \"${PODS_PODFILE_DIR_PATH}/Podfile.lock\" \"${PODS_ROOT}/Manifest.lock\" > /dev/null\nif [ $? != 0 ] ; then\n    # print error to STDERR\n    echo \"error: The sandbox is not in sync with the Podfile.lock. Run 'pod install' or update your CocoaPods installation.\" >&2\n    exit 1\nfi\n# This output is used by Xcode 'outputs' to avoid re-running this script phase.\necho \"SUCCESS\" > \"${SCRIPT_OUTPUT_FILE_0}\"\n";
			showEnvVarsInLog = 0;
		};
/* End PBXShellScriptBuildPhase section */

/* Begin PBXSourcesBuildPhase section */
		0193410E1FC40EE6002735E1 /* Sources */ = {
			isa = PBXSourcesBuildPhase;
			buildActionMask = 2147483647;
			files = (
				0193413E1FC41C20002735E1 /* CSSTokens.m in Sources */,
				019341421FC41C3E002735E1 /* ThemeManager.m in Sources */,
				01A3C1261FE27479008F4F25 /* MyNavigationView.m in Sources */,
				019341501FC426AB002735E1 /* UiUtil.mm in Sources */,
				0193413D1FC41C20002735E1 /* CSSTokenizer.m in Sources */,
				01A3C1221FE25ED2008F4F25 /* MyHomeViewController.m in Sources */,
				019341251FC40EE6002735E1 /* main.m in Sources */,
				019341631FC44699002735E1 /* ThemeUtil.m in Sources */,
				019341461FC42142002735E1 /* UserSetting.m in Sources */,
				01A3C11C1FE25C96008F4F25 /* DeviceInfo.mm in Sources */,
				01A3C11F1FE25E90008F4F25 /* MyNavigationController.m in Sources */,
				019341171FC40EE6002735E1 /* AppDelegate.m in Sources */,
				0193413F1FC41C20002735E1 /* NICSSParser.m in Sources */,
			);
			runOnlyForDeploymentPostprocessing = 0;
		};
/* End PBXSourcesBuildPhase section */

/* Begin PBXVariantGroup section */
		0193411B1FC40EE6002735E1 /* Main.storyboard */ = {
			isa = PBXVariantGroup;
			children = (
				0193411C1FC40EE6002735E1 /* Base */,
			);
			name = Main.storyboard;
			sourceTree = "<group>";
		};
		019341201FC40EE6002735E1 /* LaunchScreen.storyboard */ = {
			isa = PBXVariantGroup;
			children = (
				019341211FC40EE6002735E1 /* Base */,
			);
			name = LaunchScreen.storyboard;
			sourceTree = "<group>";
		};
/* End PBXVariantGroup section */

/* Begin XCBuildConfiguration section */
		019341261FC40EE6002735E1 /* Debug */ = {
			isa = XCBuildConfiguration;
			buildSettings = {
				ALWAYS_SEARCH_USER_PATHS = NO;
				CLANG_ANALYZER_NONNULL = YES;
				CLANG_ANALYZER_NUMBER_OBJECT_CONVERSION = YES_AGGRESSIVE;
				CLANG_CXX_LANGUAGE_STANDARD = "gnu++14";
				CLANG_CXX_LIBRARY = "libc++";
				CLANG_ENABLE_MODULES = YES;
				CLANG_ENABLE_OBJC_ARC = YES;
				CLANG_WARN_BLOCK_CAPTURE_AUTORELEASING = YES;
				CLANG_WARN_BOOL_CONVERSION = YES;
				CLANG_WARN_COMMA = YES;
				CLANG_WARN_CONSTANT_CONVERSION = YES;
				CLANG_WARN_DIRECT_OBJC_ISA_USAGE = YES_ERROR;
				CLANG_WARN_DOCUMENTATION_COMMENTS = YES;
				CLANG_WARN_EMPTY_BODY = YES;
				CLANG_WARN_ENUM_CONVERSION = YES;
				CLANG_WARN_INFINITE_RECURSION = YES;
				CLANG_WARN_INT_CONVERSION = YES;
				CLANG_WARN_NON_LITERAL_NULL_CONVERSION = YES;
				CLANG_WARN_OBJC_LITERAL_CONVERSION = YES;
				CLANG_WARN_OBJC_ROOT_CLASS = YES_ERROR;
				CLANG_WARN_RANGE_LOOP_ANALYSIS = YES;
				CLANG_WARN_STRICT_PROTOTYPES = YES;
				CLANG_WARN_SUSPICIOUS_MOVE = YES;
				CLANG_WARN_UNGUARDED_AVAILABILITY = YES_AGGRESSIVE;
				CLANG_WARN_UNREACHABLE_CODE = YES;
				CLANG_WARN__DUPLICATE_METHOD_MATCH = YES;
				CODE_SIGN_IDENTITY = "iPhone Developer";
				COPY_PHASE_STRIP = NO;
				DEBUG_INFORMATION_FORMAT = dwarf;
				ENABLE_STRICT_OBJC_MSGSEND = YES;
				ENABLE_TESTABILITY = YES;
				GCC_C_LANGUAGE_STANDARD = gnu11;
				GCC_DYNAMIC_NO_PIC = NO;
				GCC_NO_COMMON_BLOCKS = YES;
				GCC_OPTIMIZATION_LEVEL = 0;
				GCC_PREPROCESSOR_DEFINITIONS = (
					"DEBUG=1",
					"$(inherited)",
				);
				GCC_WARN_64_TO_32_BIT_CONVERSION = YES;
				GCC_WARN_ABOUT_RETURN_TYPE = YES_ERROR;
				GCC_WARN_UNDECLARED_SELECTOR = YES;
				GCC_WARN_UNINITIALIZED_AUTOS = YES_AGGRESSIVE;
				GCC_WARN_UNUSED_FUNCTION = YES;
				GCC_WARN_UNUSED_VARIABLE = YES;
				IPHONEOS_DEPLOYMENT_TARGET = 11.1;
				MTL_ENABLE_DEBUG_INFO = YES;
				ONLY_ACTIVE_ARCH = YES;
				SDKROOT = iphoneos;
			};
			name = Debug;
		};
		019341271FC40EE6002735E1 /* Release */ = {
			isa = XCBuildConfiguration;
			buildSettings = {
				ALWAYS_SEARCH_USER_PATHS = NO;
				CLANG_ANALYZER_NONNULL = YES;
				CLANG_ANALYZER_NUMBER_OBJECT_CONVERSION = YES_AGGRESSIVE;
				CLANG_CXX_LANGUAGE_STANDARD = "gnu++14";
				CLANG_CXX_LIBRARY = "libc++";
				CLANG_ENABLE_MODULES = YES;
				CLANG_ENABLE_OBJC_ARC = YES;
				CLANG_WARN_BLOCK_CAPTURE_AUTORELEASING = YES;
				CLANG_WARN_BOOL_CONVERSION = YES;
				CLANG_WARN_COMMA = YES;
				CLANG_WARN_CONSTANT_CONVERSION = YES;
				CLANG_WARN_DIRECT_OBJC_ISA_USAGE = YES_ERROR;
				CLANG_WARN_DOCUMENTATION_COMMENTS = YES;
				CLANG_WARN_EMPTY_BODY = YES;
				CLANG_WARN_ENUM_CONVERSION = YES;
				CLANG_WARN_INFINITE_RECURSION = YES;
				CLANG_WARN_INT_CONVERSION = YES;
				CLANG_WARN_NON_LITERAL_NULL_CONVERSION = YES;
				CLANG_WARN_OBJC_LITERAL_CONVERSION = YES;
				CLANG_WARN_OBJC_ROOT_CLASS = YES_ERROR;
				CLANG_WARN_RANGE_LOOP_ANALYSIS = YES;
				CLANG_WARN_STRICT_PROTOTYPES = YES;
				CLANG_WARN_SUSPICIOUS_MOVE = YES;
				CLANG_WARN_UNGUARDED_AVAILABILITY = YES_AGGRESSIVE;
				CLANG_WARN_UNREACHABLE_CODE = YES;
				CLANG_WARN__DUPLICATE_METHOD_MATCH = YES;
				CODE_SIGN_IDENTITY = "iPhone Developer";
				COPY_PHASE_STRIP = NO;
				DEBUG_INFORMATION_FORMAT = "dwarf-with-dsym";
				ENABLE_NS_ASSERTIONS = NO;
				ENABLE_STRICT_OBJC_MSGSEND = YES;
				GCC_C_LANGUAGE_STANDARD = gnu11;
				GCC_NO_COMMON_BLOCKS = YES;
				GCC_WARN_64_TO_32_BIT_CONVERSION = YES;
				GCC_WARN_ABOUT_RETURN_TYPE = YES_ERROR;
				GCC_WARN_UNDECLARED_SELECTOR = YES;
				GCC_WARN_UNINITIALIZED_AUTOS = YES_AGGRESSIVE;
				GCC_WARN_UNUSED_FUNCTION = YES;
				GCC_WARN_UNUSED_VARIABLE = YES;
				IPHONEOS_DEPLOYMENT_TARGET = 11.1;
				MTL_ENABLE_DEBUG_INFO = NO;
				SDKROOT = iphoneos;
				VALIDATE_PRODUCT = YES;
			};
			name = Release;
		};
		019341291FC40EE6002735E1 /* Debug */ = {
			isa = XCBuildConfiguration;
			baseConfigurationReference = 52A6E998AC9A1DF71AD43144 /* Pods-CSSParserDemo.debug.xcconfig */;
			buildSettings = {
				ASSETCATALOG_COMPILER_APPICON_NAME = AppIcon;
				CODE_SIGN_STYLE = Automatic;
				DEVELOPMENT_TEAM = GZA25M78D7;
				GCC_NO_COMMON_BLOCKS = NO;
				INFOPLIST_FILE = CSSParserDemo/Info.plist;
				IPHONEOS_DEPLOYMENT_TARGET = 9.0;
				LD_RUNPATH_SEARCH_PATHS = "$(inherited) @executable_path/Frameworks";
				PRODUCT_BUNDLE_IDENTIFIER = Personal.CSSParserDemo;
				PRODUCT_NAME = "$(TARGET_NAME)";
				TARGETED_DEVICE_FAMILY = "1,2";
			};
			name = Debug;
		};
		0193412A1FC40EE6002735E1 /* Release */ = {
			isa = XCBuildConfiguration;
			baseConfigurationReference = D5638967164C830A5151E437 /* Pods-CSSParserDemo.release.xcconfig */;
			buildSettings = {
				ASSETCATALOG_COMPILER_APPICON_NAME = AppIcon;
				CODE_SIGN_STYLE = Automatic;
				DEVELOPMENT_TEAM = GZA25M78D7;
				GCC_NO_COMMON_BLOCKS = NO;
				INFOPLIST_FILE = CSSParserDemo/Info.plist;
				IPHONEOS_DEPLOYMENT_TARGET = 9.0;
				LD_RUNPATH_SEARCH_PATHS = "$(inherited) @executable_path/Frameworks";
				PRODUCT_BUNDLE_IDENTIFIER = Personal.CSSParserDemo;
				PRODUCT_NAME = "$(TARGET_NAME)";
				TARGETED_DEVICE_FAMILY = "1,2";
			};
			name = Release;
		};
/* End XCBuildConfiguration section */

/* Begin XCConfigurationList section */
		0193410D1FC40EE6002735E1 /* Build configuration list for PBXProject "CSSParserDemo" */ = {
			isa = XCConfigurationList;
			buildConfigurations = (
				019341261FC40EE6002735E1 /* Debug */,
				019341271FC40EE6002735E1 /* Release */,
			);
			defaultConfigurationIsVisible = 0;
			defaultConfigurationName = Release;
		};
		019341281FC40EE6002735E1 /* Build configuration list for PBXNativeTarget "CSSParserDemo" */ = {
			isa = XCConfigurationList;
			buildConfigurations = (
				019341291FC40EE6002735E1 /* Debug */,
				0193412A1FC40EE6002735E1 /* Release */,
			);
			defaultConfigurationIsVisible = 0;
			defaultConfigurationName = Release;
		};
/* End XCConfigurationList section */
	};
	rootObject = 0193410A1FC40EE6002735E1 /* Project object */;
}
